
Microsoft Visual Studio Solution File, Format Version 12.00
# Visual Studio Version 17
VisualStudioVersion = 17.2.32526.322
MinimumVisualStudioVersion = 10.0.40219.1
Project("{9A19103F-16F7-4668-BE54-9A1E7A4F7556}") = "HtmlToImage.SkiaSharp", "HtmlToImage.SkiaSharp.csproj", "{D9ADE947-C43A-4790-A3FA-C19B5B2C4F13}"
EndProject
Global
	GlobalSection(SolutionConfigurationPlatforms) = preSolution
		Debug|Any CPU = Debug|Any CPU
		Release|Any CPU = Release|Any CPU
	EndGlobalSection
	GlobalSection(ProjectConfigurationPlatforms) = postSolution
		{D9ADE947-C43A-4790-A3FA-C19B5B2C4F13}.Debug|Any CPU.ActiveCfg = Debug|Any CPU
		{D9ADE947-C43A-4790-A3FA-C19B5B2C4F13}.Debug|Any CPU.Build.0 = Debug|Any CPU
		{D9ADE947-C43A-4790-A3FA-C19B5B2C4F13}.Release|Any CPU.ActiveCfg = Release|Any CPU
		{D9ADE947-C43A-4790-A3FA-C19B5B2C4F13}.Release|Any CPU.Build.0 = Release|Any CPU
	EndGlobalSection
	GlobalSection(SolutionProperties) = preSolution
		HideSolutionNode = FALSE
	EndGlobalSection
	GlobalSection(ExtensibilityGlobals) = postSolution
		SolutionGuid = {080C5D04-4819-4FE4-A956-5FD190FF8C57}
	EndGlobalSection
EndGlobal
