
Microsoft Visual Studio Solution File, Format Version 12.00
# Visual Studio Version 17
VisualStudioVersion = 17.7.34009.444
MinimumVisualStudioVersion = 10.0.40219.1
Project("{9A19103F-16F7-4668-BE54-9A1E7A4F7556}") = "ContextMenu.SpellCheck", "ContextMenu.SpellCheck\ContextMenu.SpellCheck.csproj", "{010F2EF3-5ADD-4F32-AE73-0EA5EA03C6DE}"
EndProject
Project("{9A19103F-16F7-4668-BE54-9A1E7A4F7556}") = "ContextMenu", "ContextMenu\ContextMenu.csproj", "{40ABB0B7-DF87-470C-930B-7EE355036201}"
EndProject
Project("{9A19103F-16F7-4668-BE54-9A1E7A4F7556}") = "KeyboardEventSimulation", "KeyboardEventSimulation\KeyboardEventSimulation.csproj", "{01599A71-7037-4035-ADDC-1B563C06BEE7}"
EndProject
Project("{9A19103F-16F7-4668-BE54-9A1E7A4F7556}") = "Popups", "Popups\Popups.csproj", "{D2854942-BB6F-4195-A5A7-6A63E2C9B973}"
EndProject
Project("{9A19103F-16F7-4668-BE54-9A1E7A4F7556}") = "Kiosk", "Kiosk\Kiosk.csproj", "{CD83A9D6-610A-4775-9308-94DE0833CAD2}"
EndProject
Project("{9A19103F-16F7-4668-BE54-9A1E7A4F7556}") = "Mvvm", "Mvvm\Mvvm.csproj", "{27CCA944-ADFA-4547-8B15-3CEE7A3E3E87}"
EndProject
Project("{9A19103F-16F7-4668-BE54-9A1E7A4F7556}") = "Extensions.AvaloniaUi", "Extensions\Extensions.AvaloniaUi.csproj", "{061EDA4B-A578-4EDC-B3B0-CF8A83FBABB2}"
EndProject
Project("{9A19103F-16F7-4668-BE54-9A1E7A4F7556}") = "Chromecast", "Chromecast\Chromecast.csproj", "{3B1AA2E3-C9DE-4DA1-B764-4694CF96A7DC}"
EndProject
Project("{9A19103F-16F7-4668-BE54-9A1E7A4F7556}") = "TransparentWebPage", "TransparentWebPage\TransparentWebPage.csproj", "{FFCD435F-C064-46E3-8A55-1D7E827EF989}"
EndProject
Global
	GlobalSection(SolutionConfigurationPlatforms) = preSolution
		Debug|Any CPU = Debug|Any CPU
		Release|Any CPU = Release|Any CPU
	EndGlobalSection
	GlobalSection(ProjectConfigurationPlatforms) = postSolution
		{010F2EF3-5ADD-4F32-AE73-0EA5EA03C6DE}.Debug|Any CPU.ActiveCfg = Debug|Any CPU
		{010F2EF3-5ADD-4F32-AE73-0EA5EA03C6DE}.Debug|Any CPU.Build.0 = Debug|Any CPU
		{010F2EF3-5ADD-4F32-AE73-0EA5EA03C6DE}.Release|Any CPU.ActiveCfg = Release|Any CPU
		{010F2EF3-5ADD-4F32-AE73-0EA5EA03C6DE}.Release|Any CPU.Build.0 = Release|Any CPU
		{40ABB0B7-DF87-470C-930B-7EE355036201}.Debug|Any CPU.ActiveCfg = Debug|Any CPU
		{40ABB0B7-DF87-470C-930B-7EE355036201}.Debug|Any CPU.Build.0 = Debug|Any CPU
		{40ABB0B7-DF87-470C-930B-7EE355036201}.Release|Any CPU.ActiveCfg = Release|Any CPU
		{40ABB0B7-DF87-470C-930B-7EE355036201}.Release|Any CPU.Build.0 = Release|Any CPU
		{01599A71-7037-4035-ADDC-1B563C06BEE7}.Debug|Any CPU.ActiveCfg = Debug|Any CPU
		{01599A71-7037-4035-ADDC-1B563C06BEE7}.Debug|Any CPU.Build.0 = Debug|Any CPU
		{01599A71-7037-4035-ADDC-1B563C06BEE7}.Release|Any CPU.ActiveCfg = Release|Any CPU
		{01599A71-7037-4035-ADDC-1B563C06BEE7}.Release|Any CPU.Build.0 = Release|Any CPU
		{D2854942-BB6F-4195-A5A7-6A63E2C9B973}.Debug|Any CPU.ActiveCfg = Debug|Any CPU
		{D2854942-BB6F-4195-A5A7-6A63E2C9B973}.Debug|Any CPU.Build.0 = Debug|Any CPU
		{D2854942-BB6F-4195-A5A7-6A63E2C9B973}.Release|Any CPU.ActiveCfg = Release|Any CPU
		{D2854942-BB6F-4195-A5A7-6A63E2C9B973}.Release|Any CPU.Build.0 = Release|Any CPU
		{CD83A9D6-610A-4775-9308-94DE0833CAD2}.Debug|Any CPU.ActiveCfg = Debug|Any CPU
		{CD83A9D6-610A-4775-9308-94DE0833CAD2}.Debug|Any CPU.Build.0 = Debug|Any CPU
		{CD83A9D6-610A-4775-9308-94DE0833CAD2}.Release|Any CPU.ActiveCfg = Release|Any CPU
		{CD83A9D6-610A-4775-9308-94DE0833CAD2}.Release|Any CPU.Build.0 = Release|Any CPU
		{27CCA944-ADFA-4547-8B15-3CEE7A3E3E87}.Debug|Any CPU.ActiveCfg = Debug|Any CPU
		{27CCA944-ADFA-4547-8B15-3CEE7A3E3E87}.Debug|Any CPU.Build.0 = Debug|Any CPU
		{27CCA944-ADFA-4547-8B15-3CEE7A3E3E87}.Release|Any CPU.ActiveCfg = Release|Any CPU
		{27CCA944-ADFA-4547-8B15-3CEE7A3E3E87}.Release|Any CPU.Build.0 = Release|Any CPU
		{061EDA4B-A578-4EDC-B3B0-CF8A83FBABB2}.Debug|Any CPU.ActiveCfg = Debug|Any CPU
		{061EDA4B-A578-4EDC-B3B0-CF8A83FBABB2}.Debug|Any CPU.Build.0 = Debug|Any CPU
		{061EDA4B-A578-4EDC-B3B0-CF8A83FBABB2}.Release|Any CPU.ActiveCfg = Release|Any CPU
		{061EDA4B-A578-4EDC-B3B0-CF8A83FBABB2}.Release|Any CPU.Build.0 = Release|Any CPU
		{3B1AA2E3-C9DE-4DA1-B764-4694CF96A7DC}.Debug|Any CPU.ActiveCfg = Debug|Any CPU
		{3B1AA2E3-C9DE-4DA1-B764-4694CF96A7DC}.Debug|Any CPU.Build.0 = Debug|Any CPU
		{3B1AA2E3-C9DE-4DA1-B764-4694CF96A7DC}.Release|Any CPU.ActiveCfg = Release|Any CPU
		{3B1AA2E3-C9DE-4DA1-B764-4694CF96A7DC}.Release|Any CPU.Build.0 = Release|Any CPU
		{FFCD435F-C064-46E3-8A55-1D7E827EF989}.Debug|Any CPU.ActiveCfg = Debug|Any CPU
		{FFCD435F-C064-46E3-8A55-1D7E827EF989}.Debug|Any CPU.Build.0 = Debug|Any CPU
		{FFCD435F-C064-46E3-8A55-1D7E827EF989}.Release|Any CPU.ActiveCfg = Release|Any CPU
		{FFCD435F-C064-46E3-8A55-1D7E827EF989}.Release|Any CPU.Build.0 = Release|Any CPU
	EndGlobalSection
	GlobalSection(SolutionProperties) = preSolution
		HideSolutionNode = FALSE
	EndGlobalSection
	GlobalSection(ExtensibilityGlobals) = postSolution
		SolutionGuid = {FC88089C-5EFA-475F-9972-4D2C668F2AAD}
	EndGlobalSection
EndGlobal
