
Microsoft Visual Studio Solution File, Format Version 12.00
# Visual Studio Version 16
VisualStudioVersion = 16.0.32510.428
MinimumVisualStudioVersion = 10.0.40219.1
Project("{2150E333-8FDC-42A3-9474-1A3956D46DE8}") = "Solution Items", "Solution Items", "{FFD68302-C4FF-4DE0-A0A3-992118BE7F66}"
EndProject
Project("{FAE04EC0-301F-11D3-BF4B-00C04F79EFBC}") = "SeleniumChromeDriver", "SeleniumChromeDriver\SeleniumChromeDriver.csproj", "{CDE9CD1D-A591-4582-8193-8A162D18F7CF}"
EndProject
Project("{FAE04EC0-301F-11D3-BF4B-00C04F79EFBC}") = "Puppeteer", "Puppeteer\Puppeteer.csproj", "{EDF37B34-6B01-43EE-B563-FD3E21D27B55}"
EndProject
Project("{FAE04EC0-301F-11D3-BF4B-00C04F79EFBC}") = "PlaywrightWpf", "PlaywrightWpf\PlaywrightWpf.csproj", "{2C125B6C-E62F-43D1-92D8-4929F89C0D03}"
EndProject
Global
	GlobalSection(SolutionConfigurationPlatforms) = preSolution
		Debug|Any CPU = Debug|Any CPU
		Release|Any CPU = Release|Any CPU
	EndGlobalSection
	GlobalSection(ProjectConfigurationPlatforms) = postSolution
		{CDE9CD1D-A591-4582-8193-8A162D18F7CF}.Debug|Any CPU.ActiveCfg = Debug|Any CPU
		{CDE9CD1D-A591-4582-8193-8A162D18F7CF}.Debug|Any CPU.Build.0 = Debug|Any CPU
		{CDE9CD1D-A591-4582-8193-8A162D18F7CF}.Release|Any CPU.ActiveCfg = Release|Any CPU
		{CDE9CD1D-A591-4582-8193-8A162D18F7CF}.Release|Any CPU.Build.0 = Release|Any CPU
		{EDF37B34-6B01-43EE-B563-FD3E21D27B55}.Debug|Any CPU.ActiveCfg = Debug|Any CPU
		{EDF37B34-6B01-43EE-B563-FD3E21D27B55}.Debug|Any CPU.Build.0 = Debug|Any CPU
		{EDF37B34-6B01-43EE-B563-FD3E21D27B55}.Release|Any CPU.ActiveCfg = Release|Any CPU
		{EDF37B34-6B01-43EE-B563-FD3E21D27B55}.Release|Any CPU.Build.0 = Release|Any CPU
		{2C125B6C-E62F-43D1-92D8-4929F89C0D03}.Debug|Any CPU.ActiveCfg = Debug|Any CPU
		{2C125B6C-E62F-43D1-92D8-4929F89C0D03}.Debug|Any CPU.Build.0 = Debug|Any CPU
		{2C125B6C-E62F-43D1-92D8-4929F89C0D03}.Release|Any CPU.ActiveCfg = Release|Any CPU
		{2C125B6C-E62F-43D1-92D8-4929F89C0D03}.Release|Any CPU.Build.0 = Release|Any CPU
	EndGlobalSection
	GlobalSection(SolutionProperties) = preSolution
		HideSolutionNode = FALSE
	EndGlobalSection
	GlobalSection(ExtensibilityGlobals) = postSolution
		SolutionGuid = {ADCC3CF2-6755-422D-8D79-E1DF0145E594}
	EndGlobalSection
EndGlobal
