
Microsoft Visual Studio Solution File, Format Version 12.00
# Visual Studio Version 16
VisualStudioVersion = 16.0.31829.152
MinimumVisualStudioVersion = 10.0.40219.1
Project("{FAE04EC0-301F-11D3-BF4B-00C04F79EFBC}") = "Embedding.WinForms", "Embedding.WinForms\Embedding.WinForms.csproj", "{24C6C334-A4CF-4867-BA13-D45E5B2A8827}"
EndProject
Project("{FAE04EC0-301F-11D3-BF4B-00C04F79EFBC}") = "Embedding.Wpf", "Embedding.Wpf\Embedding.Wpf.csproj", "{59756E31-28CF-46D5-8CF1-43FD3F6ADB04}"
EndProject
Project("{FAE04EC0-301F-11D3-BF4B-00C04F79EFBC}") = "ElementHostEmbedding.WinForms", "ElementHostEmbedding.WinForms\ElementHostEmbedding.WinForms.csproj", "{0EDCFB1B-85FB-4C94-92B8-7E390872953A}"
EndProject
Global
	GlobalSection(SolutionConfigurationPlatforms) = preSolution
		Debug|Any CPU = Debug|Any CPU
		Release|Any CPU = Release|Any CPU
	EndGlobalSection
	GlobalSection(ProjectConfigurationPlatforms) = postSolution
		{24C6C334-A4CF-4867-BA13-D45E5B2A8827}.Debug|Any CPU.ActiveCfg = Debug|Any CPU
		{24C6C334-A4CF-4867-BA13-D45E5B2A8827}.Debug|Any CPU.Build.0 = Debug|Any CPU
		{24C6C334-A4CF-4867-BA13-D45E5B2A8827}.Release|Any CPU.ActiveCfg = Release|Any CPU
		{24C6C334-A4CF-4867-BA13-D45E5B2A8827}.Release|Any CPU.Build.0 = Release|Any CPU
		{59756E31-28CF-46D5-8CF1-43FD3F6ADB04}.Debug|Any CPU.ActiveCfg = Debug|Any CPU
		{59756E31-28CF-46D5-8CF1-43FD3F6ADB04}.Debug|Any CPU.Build.0 = Debug|Any CPU
		{59756E31-28CF-46D5-8CF1-43FD3F6ADB04}.Release|Any CPU.ActiveCfg = Release|Any CPU
		{59756E31-28CF-46D5-8CF1-43FD3F6ADB04}.Release|Any CPU.Build.0 = Release|Any CPU
		{0EDCFB1B-85FB-4C94-92B8-7E390872953A}.Debug|Any CPU.ActiveCfg = Debug|Any CPU
		{0EDCFB1B-85FB-4C94-92B8-7E390872953A}.Debug|Any CPU.Build.0 = Debug|Any CPU
		{0EDCFB1B-85FB-4C94-92B8-7E390872953A}.Release|Any CPU.ActiveCfg = Release|Any CPU
		{0EDCFB1B-85FB-4C94-92B8-7E390872953A}.Release|Any CPU.Build.0 = Release|Any CPU
	EndGlobalSection
	GlobalSection(SolutionProperties) = preSolution
		HideSolutionNode = FALSE
	EndGlobalSection
	GlobalSection(ExtensibilityGlobals) = postSolution
		SolutionGuid = {8778EAA1-6853-4B8C-8D95-75B44EACCD0C}
	EndGlobalSection
EndGlobal
