
Microsoft Visual Studio Solution File, Format Version 12.00
# Visual Studio 15
VisualStudioVersion = 15.0.28307.1321
MinimumVisualStudioVersion = 10.0.40219.1
Project("{FAE04EC0-301F-11D3-BF4B-00C04F79EFBC}") = "AccessingHttpResponseData", "AccessingHttpResponseData\AccessingHttpResponseData.csproj", "{BA64CB0A-4863-4733-AA2E-A25A74755A66}"
EndProject
Project("{FAE04EC0-301F-11D3-BF4B-00C04F79EFBC}") = "AjaxCallsFilter", "AjaxCallsFilter\AjaxCallsFilter.csproj", "{F5825CA8-12CB-4CAC-92D7-BDFCDDCFDC81}"
EndProject
Project("{FAE04EC0-301F-11D3-BF4B-00C04F79EFBC}") = "CertificateError", "CertificateError\CertificateError.csproj", "{EBF2F76D-599F-4D9C-BF44-C1415D4552E7}"
EndProject
Project("{FAE04EC0-301F-11D3-BF4B-00C04F79EFBC}") = "CertificateVerifier", "CertificateVerifier\CertificateVerifier.csproj", "{A890572D-1225-4601-820B-A8016A59000F}"
EndProject
Project("{FAE04EC0-301F-11D3-BF4B-00C04F79EFBC}") = "CookieFilter", "CookieFilter\CookieFilter.csproj", "{F6586FF8-DD18-4192-BF36-FBB694F6C049}"
EndProject
Project("{FAE04EC0-301F-11D3-BF4B-00C04F79EFBC}") = "Cookies", "Cookies\Cookies.csproj", "{38B56C8B-DA70-4C96-8CAD-C08092AA1924}"
EndProject
Project("{FAE04EC0-301F-11D3-BF4B-00C04F79EFBC}") = "CustomRequestHandling", "CustomRequestHandling\CustomRequestHandling.csproj", "{00E35EF8-8D35-4E71-91D9-E33838E472B3}"
EndProject
Project("{FAE04EC0-301F-11D3-BF4B-00C04F79EFBC}") = "DefaultMediaStreamDevice", "DefaultMediaStreamDevice\DefaultMediaStreamDevice.csproj", "{DE80A948-FFDF-476D-BA6F-1B9146C02767}"
EndProject
Project("{2150E333-8FDC-42A3-9474-1A3956D46DE8}") = "Solution Items", "Solution Items", "{FFD68302-C4FF-4DE0-A0A3-992118BE7F66}"
EndProject
Project("{FAE04EC0-301F-11D3-BF4B-00C04F79EFBC}") = "DomCreateElement", "DomCreateElement\DomCreateElement.csproj", "{C7FBB67B-34CD-4FD1-8DBE-8BD1389E3584}"
EndProject
Project("{FAE04EC0-301F-11D3-BF4B-00C04F79EFBC}") = "DomCreateEvent", "DomCreateEvent\DomCreateEvent.csproj", "{0DC1A4C3-2B9A-4086-9C2F-B1DDB13FEE78}"
EndProject
Project("{FAE04EC0-301F-11D3-BF4B-00C04F79EFBC}") = "DomForm", "DomForm\DomForm.csproj", "{1A51E8BF-2FA4-4657-BD75-5852ABA9516F}"
EndProject
Project("{FAE04EC0-301F-11D3-BF4B-00C04F79EFBC}") = "DomGetAttributes", "DomGetAttributes\DomGetAttributes.csproj", "{B14CF41A-2304-449C-9D1E-F170B3419DA5}"
EndProject
Project("{FAE04EC0-301F-11D3-BF4B-00C04F79EFBC}") = "DomGetElements", "DomGetElements\DomGetElements.csproj", "{80EC3E0D-6382-4557-B1A8-D63C49C68B0E}"
EndProject
Project("{FAE04EC0-301F-11D3-BF4B-00C04F79EFBC}") = "DomQuerySelector", "DomQuerySelector\DomQuerySelector.csproj", "{763C0AE0-79D4-4449-9F8A-E000C1759C87}"
EndProject
Project("{FAE04EC0-301F-11D3-BF4B-00C04F79EFBC}") = "ExecuteCommand", "ExecuteCommand\ExecuteCommand.csproj", "{D902D0F3-0D4A-4B41-ACD5-040302076E6E}"
EndProject
Project("{FAE04EC0-301F-11D3-BF4B-00C04F79EFBC}") = "ExecuteJavaScript", "ExecuteJavaScript\ExecuteJavaScript.csproj", "{688EEECA-30EF-472E-B664-971404FE1FA4}"
EndProject
Project("{FAE04EC0-301F-11D3-BF4B-00C04F79EFBC}") = "FindText", "FindText\FindText.csproj", "{E6745717-7D8E-4EB7-9C55-DD6A4DF23D16}"
EndProject
Project("{FAE04EC0-301F-11D3-BF4B-00C04F79EFBC}") = "GetFrames", "GetFrames\GetFrames.csproj", "{AB482FF6-16F1-471A-85C2-A93F5C709E01}"
EndProject
Project("{FAE04EC0-301F-11D3-BF4B-00C04F79EFBC}") = "GetHtml", "GetHtml\GetHtml.csproj", "{E1D75E04-4876-452D-A789-62F6385013A5}"
EndProject
Project("{FAE04EC0-301F-11D3-BF4B-00C04F79EFBC}") = "Inspect", "Inspect\Inspect.csproj", "{BDF3F15D-797E-4FB3-933A-C7A7DFBD3A72}"
EndProject
Project("{FAE04EC0-301F-11D3-BF4B-00C04F79EFBC}") = "GetSelectedText", "GetSelectedText\GetSelectedText.csproj", "{FBE75C67-FCBC-483E-8892-BE2CE397E53C}"
EndProject
Project("{FAE04EC0-301F-11D3-BF4B-00C04F79EFBC}") = "JavaScriptBridge", "JavaScriptBridge\JavaScriptBridge.csproj", "{6467C661-37EC-4AD3-8438-FCFC241C64BB}"
EndProject
Project("{FAE04EC0-301F-11D3-BF4B-00C04F79EFBC}") = "JavaScriptObjects", "JavaScriptObjects\JavaScriptObjects.csproj", "{C22E7525-8342-41A7-9B88-18A53CAD40B5}"
EndProject
Project("{FAE04EC0-301F-11D3-BF4B-00C04F79EFBC}") = "JavaScript", "JavaScript\JavaScript.csproj", "{BB852F7F-A1CC-4FE3-9E29-09AE2A46F6EC}"
EndProject
Project("{FAE04EC0-301F-11D3-BF4B-00C04F79EFBC}") = "LoadEvents", "LoadEvents\LoadEvents.csproj", "{A21276A8-B981-4AD1-9309-8BF35B6ABEB6}"
EndProject
Project("{FAE04EC0-301F-11D3-BF4B-00C04F79EFBC}") = "NetworkHandlers", "NetworkHandlers\NetworkHandlers.csproj", "{C6D7D9C6-4B5E-4C42-905B-D91836890516}"
EndProject
Project("{FAE04EC0-301F-11D3-BF4B-00C04F79EFBC}") = "HtmlToImage", "HtmlToImage\HtmlToImage.csproj", "{56A0C281-58BC-4E95-BDBB-39578949874B}"
EndProject
Project("{FAE04EC0-301F-11D3-BF4B-00C04F79EFBC}") = "PostData", "PostData\PostData.csproj", "{4282C874-0DDA-4DF5-8504-B3E932E667A9}"
EndProject
Project("{FAE04EC0-301F-11D3-BF4B-00C04F79EFBC}") = "SeparateEngines", "SeparateEngines\SeparateEngines.csproj", "{29102023-CB49-4162-BAC0-D892D9A76179}"
EndProject
Project("{FAE04EC0-301F-11D3-BF4B-00C04F79EFBC}") = "XPath", "XPath\XPath.csproj", "{27FFE185-8A89-4951-9157-C291D154ED97}"
EndProject
Project("{FAE04EC0-301F-11D3-BF4B-00C04F79EFBC}") = "UiAutomation.Wpf", "UiAutomation.Wpf\UiAutomation.Wpf.csproj", "{1C2D3702-4EBE-4DA0-9601-B3D56A79B01B}"
EndProject
Project("{FAE04EC0-301F-11D3-BF4B-00C04F79EFBC}") = "TransparentWebPage.Wpf", "TransparentWebPage.Wpf\TransparentWebPage.Wpf.csproj", "{45AFA345-DDE4-4DBA-951E-9509BE1264FB}"
EndProject
Project("{FAE04EC0-301F-11D3-BF4B-00C04F79EFBC}") = "Zoom", "Zoom\Zoom.csproj", "{D48B18E4-F996-4CA0-9FC4-C1CA355B7F19}"
EndProject
Project("{FAE04EC0-301F-11D3-BF4B-00C04F79EFBC}") = "WebStorage", "WebStorage\WebStorage.csproj", "{2B5E51D8-EDC9-4710-8D6C-D1232C075FFC}"
EndProject
Project("{FAE04EC0-301F-11D3-BF4B-00C04F79EFBC}") = "KeyboardEventSimulation.Wpf", "KeyboardEventSimulation.Wpf\KeyboardEventSimulation.Wpf.csproj", "{7E1F9DC2-B639-441F-97ED-BAE0DE84E8B6}"
EndProject
Project("{FAE04EC0-301F-11D3-BF4B-00C04F79EFBC}") = "SaveWebPage.Wpf", "SaveWebPage.Wpf\SaveWebPage.Wpf.csproj", "{D0862B7E-0647-4BB5-ADC5-CDB7BBF504FA}"
EndProject
Project("{FAE04EC0-301F-11D3-BF4B-00C04F79EFBC}") = "FindText.Wpf", "FindText.Wpf\FindText.Wpf.csproj", "{94489912-48C0-407C-8325-0AFE0C885C51}"
EndProject
Project("{FAE04EC0-301F-11D3-BF4B-00C04F79EFBC}") = "ContextMenu.Wpf", "ContextMenu.Wpf\ContextMenu.Wpf.csproj", "{1D9BE0E6-50EB-40DC-9444-FB6351F00A64}"
EndProject
Project("{FAE04EC0-301F-11D3-BF4B-00C04F79EFBC}") = "ContextMenu.WinForms", "ContextMenu.WinForms\ContextMenu.WinForms.csproj", "{142C8F5F-F844-4625-8167-52BA548337E9}"
EndProject
Project("{FAE04EC0-301F-11D3-BF4B-00C04F79EFBC}") = "JavaScriptBridge.WinForms", "JavaScriptBridge.WinForms\JavaScriptBridge.WinForms.csproj", "{28BFBE76-6971-417C-BFE3-C6E9D3EAB2A0}"
EndProject
Project("{FAE04EC0-301F-11D3-BF4B-00C04F79EFBC}") = "SaveImageFromPage", "SaveImageFromPage\SaveImageFromPage.csproj", "{8C9DD611-B9C6-498A-A150-39C863559C87}"
EndProject
Project("{FAE04EC0-301F-11D3-BF4B-00C04F79EFBC}") = "FullScreen.WinForms", "FullScreen.WinForms\FullScreen.WinForms.csproj", "{CDD33926-0653-4AE0-A1CF-E6BA2606293D}"
EndProject
Project("{FAE04EC0-301F-11D3-BF4B-00C04F79EFBC}") = "InjectObjectForScripting", "InjectObjectForScripting\InjectObjectForScripting.csproj", "{6DAA56FC-BFF7-4916-A91E-64D71E2C0667}"
EndProject
Project("{FAE04EC0-301F-11D3-BF4B-00C04F79EFBC}") = "ObservePageChanges.WinForms", "ObservePageChanges.WinForms\ObservePageChanges.WinForms.csproj", "{4D0A7640-7E20-4E55-A0CD-69CDA22F5E3C}"
EndProject
Project("{FAE04EC0-301F-11D3-BF4B-00C04F79EFBC}") = "GoogleMaps.WinForms", "GoogleMaps.WinForms\GoogleMaps.WinForms.csproj", "{E1D29368-F5E0-4DF4-8511-43C30B15F5A4}"
EndProject
Project("{FAE04EC0-301F-11D3-BF4B-00C04F79EFBC}") = "WebSockets.InterceptData", "WebSockets.InterceptData\WebSockets.InterceptData.csproj", "{F189556B-E699-454B-B8D2-1FC9A6111DB0}"
EndProject
Project("{FAE04EC0-301F-11D3-BF4B-00C04F79EFBC}") = "Inspect.WinForms", "Inspect.WinForms\Inspect.WinForms.csproj", "{EDA43DCC-F7A0-4D30-A837-100FFD2DBDF6}"
EndProject
Project("{FAE04EC0-301F-11D3-BF4B-00C04F79EFBC}") = "Inspect.Wpf", "Inspect.Wpf\Inspect.Wpf.csproj", "{ECE3042E-08B6-485B-868C-72D3791B3E9D}"
EndProject
Project("{FAE04EC0-301F-11D3-BF4B-00C04F79EFBC}") = "Kiosk.WinForms", "Kiosk.WinForms\Kiosk.WinForms.csproj", "{8E1AAE90-A681-48EC-B59B-2843EF05937C}"
EndProject
Project("{FAE04EC0-301F-11D3-BF4B-00C04F79EFBC}") = "Kiosk.Wpf", "Kiosk.Wpf\Kiosk.Wpf.csproj", "{6962F54B-EF0A-4D29-A265-38B250987FBA}"
EndProject
Project("{FAE04EC0-301F-11D3-BF4B-00C04F79EFBC}") = "JavaScriptBridge.Promises", "JavaScriptBridge.Promises\JavaScriptBridge.Promises.csproj", "{6C812C58-642D-4E98-93A0-08A6A1C98AA9}"
EndProject
Project("{FAE04EC0-301F-11D3-BF4B-00C04F79EFBC}") = "KeyboardEventSimulation.WinForms", "KeyboardEventSimulation.WinForms\KeyboardEventSimulation.WinForms.csproj", "{49C72FCE-48D6-4D67-8C1C-9D9532BEAFD1}"
EndProject
Project("{FAE04EC0-301F-11D3-BF4B-00C04F79EFBC}") = "SeleniumChromeDriver", "SeleniumChromeDriver\SeleniumChromeDriver.csproj", "{CDE9CD1D-A591-4582-8193-8A162D18F7CF}"
EndProject
Project("{FAE04EC0-301F-11D3-BF4B-00C04F79EFBC}") = "CreateHtmlUi.Wpf", "CreateHtmlUi.Wpf\CreateHtmlUi.Wpf.csproj", "{58519713-4069-4DF0-BCA0-B156DAAA921E}"
EndProject
Project("{FAE04EC0-301F-11D3-BF4B-00C04F79EFBC}") = "Dom.DragAndDrop.WinForms", "Dom.DragAndDrop.WinForms\Dom.DragAndDrop.WinForms.csproj", "{8810DB89-C82E-4A2B-AF12-E0DECF9223B8}"
EndProject
Project("{FAE04EC0-301F-11D3-BF4B-00C04F79EFBC}") = "DragAndDrop.Wpf", "DragAndDrop.Wpf\DragAndDrop.Wpf.csproj", "{F2A51454-F3AA-41DB-800B-F47D4B479464}"
EndProject
Project("{FAE04EC0-301F-11D3-BF4B-00C04F79EFBC}") = "CustomShortcuts.WinForms", "CustomShortcuts.WinForms\CustomShortcuts.WinForms.csproj", "{175E9BF5-6A92-4DDA-BD75-C5120CE8AA22}"
EndProject
Project("{FAE04EC0-301F-11D3-BF4B-00C04F79EFBC}") = "DevTools.WinForms", "DevTools.WinForms\DevTools.WinForms.csproj", "{2536DCFC-474D-447F-A4DE-AFEC81EBFF3A}"
EndProject
Project("{FAE04EC0-301F-11D3-BF4B-00C04F79EFBC}") = "JavaScriptBridge.Arrays", "JavaScriptBridge.Arrays\JavaScriptBridge.Arrays.csproj", "{9DEA511E-8F90-4E8C-AA36-EC70523E2C12}"
EndProject
Project("{FAE04EC0-301F-11D3-BF4B-00C04F79EFBC}") = "SeparateEngines.AppDomains", "SeparateEngines.AppDomains\SeparateEngines.AppDomains.csproj", "{9C77DF2B-CF88-460D-8E8C-0084C56872F6}"
EndProject
Project("{FAE04EC0-301F-11D3-BF4B-00C04F79EFBC}") = "MailToHandling.WinForms", "MailToHandling.WinForms\MailToHandling.WinForms.csproj", "{270DDD91-D689-426E-BF58-379800AA8664}"
EndProject
Project("{FAE04EC0-301F-11D3-BF4B-00C04F79EFBC}") = "AjaxResponseIntercept", "AjaxResponseIntercept\AjaxResponseIntercept.csproj", "{A8B6B94C-FFA6-45C4-BE0C-ACF358207252}"
EndProject
Project("{FAE04EC0-301F-11D3-BF4B-00C04F79EFBC}") = "Zoom.Wpf", "Zoom.Wpf\Zoom.Wpf.csproj", "{A51C4478-7F1D-4AF3-B170-FDAED3B87314}"
EndProject
Project("{FAE04EC0-301F-11D3-BF4B-00C04F79EFBC}") = "GoogleStreetView.WinForms", "GoogleStreetView.WinForms\GoogleStreetView.WinForms.csproj", "{0F9B5E3D-4A81-405F-9100-74774FA85849}"
EndProject
Project("{FAE04EC0-301F-11D3-BF4B-00C04F79EFBC}") = "Notifications.InterceptData", "Notifications.InterceptData\Notifications.InterceptData.csproj", "{4BAB7800-6484-486F-A460-4AB89ADB24C9}"
EndProject
Project("{FAE04EC0-301F-11D3-BF4B-00C04F79EFBC}") = "Printing.WebPageToPdf", "Printing.WebPageToPdf\Printing.WebPageToPdf.csproj", "{54B5E63B-DA2A-416F-8812-0AB3E63D5F95}"
EndProject
Project("{FAE04EC0-301F-11D3-BF4B-00C04F79EFBC}") = "DownloadPdf", "DownloadPdf\DownloadPdf.csproj", "{F73B706A-17BC-4AE8-9C6A-DDBBAACFCB22}"
EndProject
Project("{FAE04EC0-301F-11D3-BF4B-00C04F79EFBC}") = "ChromiumBinariesResolver.Wpf", "ChromiumBinariesResolver.Wpf\ChromiumBinariesResolver.Wpf.csproj", "{679BBA9A-9FDC-4A5C-8783-62ACF97A93AC}"
EndProject
Project("{FAE04EC0-301F-11D3-BF4B-00C04F79EFBC}") = "ShadowDom", "ShadowDom\ShadowDom.csproj", "{283899B0-32EE-4319-9DEA-DD629F722B6F}"
EndProject
Project("{FAE04EC0-301F-11D3-BF4B-00C04F79EFBC}") = "Mvvm.Wpf", "Mvvm.Wpf\Mvvm.Wpf.csproj", "{E6D355FD-0217-4A71-9BE9-A8C15AAE181D}"
EndProject
Project("{FAE04EC0-301F-11D3-BF4B-00C04F79EFBC}") = "Profiles.WinForms", "Profiles.WinForms\Profiles.WinForms.csproj", "{2DCE766F-4373-48A8-ABED-AB4201032521}"
EndProject
Global
	GlobalSection(SolutionConfigurationPlatforms) = preSolution
		Debug|Any CPU = Debug|Any CPU
		Release|Any CPU = Release|Any CPU
	EndGlobalSection
	GlobalSection(ProjectConfigurationPlatforms) = postSolution
		{BA64CB0A-4863-4733-AA2E-A25A74755A66}.Debug|Any CPU.ActiveCfg = Debug|Any CPU
		{BA64CB0A-4863-4733-AA2E-A25A74755A66}.Debug|Any CPU.Build.0 = Debug|Any CPU
		{BA64CB0A-4863-4733-AA2E-A25A74755A66}.Release|Any CPU.ActiveCfg = Release|Any CPU
		{BA64CB0A-4863-4733-AA2E-A25A74755A66}.Release|Any CPU.Build.0 = Release|Any CPU
		{F5825CA8-12CB-4CAC-92D7-BDFCDDCFDC81}.Debug|Any CPU.ActiveCfg = Debug|Any CPU
		{F5825CA8-12CB-4CAC-92D7-BDFCDDCFDC81}.Debug|Any CPU.Build.0 = Debug|Any CPU
		{F5825CA8-12CB-4CAC-92D7-BDFCDDCFDC81}.Release|Any CPU.ActiveCfg = Release|Any CPU
		{F5825CA8-12CB-4CAC-92D7-BDFCDDCFDC81}.Release|Any CPU.Build.0 = Release|Any CPU
		{EBF2F76D-599F-4D9C-BF44-C1415D4552E7}.Debug|Any CPU.ActiveCfg = Debug|Any CPU
		{EBF2F76D-599F-4D9C-BF44-C1415D4552E7}.Debug|Any CPU.Build.0 = Debug|Any CPU
		{EBF2F76D-599F-4D9C-BF44-C1415D4552E7}.Release|Any CPU.ActiveCfg = Release|Any CPU
		{EBF2F76D-599F-4D9C-BF44-C1415D4552E7}.Release|Any CPU.Build.0 = Release|Any CPU
		{A890572D-1225-4601-820B-A8016A59000F}.Debug|Any CPU.ActiveCfg = Debug|Any CPU
		{A890572D-1225-4601-820B-A8016A59000F}.Debug|Any CPU.Build.0 = Debug|Any CPU
		{A890572D-1225-4601-820B-A8016A59000F}.Release|Any CPU.ActiveCfg = Release|Any CPU
		{A890572D-1225-4601-820B-A8016A59000F}.Release|Any CPU.Build.0 = Release|Any CPU
		{F6586FF8-DD18-4192-BF36-FBB694F6C049}.Debug|Any CPU.ActiveCfg = Debug|Any CPU
		{F6586FF8-DD18-4192-BF36-FBB694F6C049}.Debug|Any CPU.Build.0 = Debug|Any CPU
		{F6586FF8-DD18-4192-BF36-FBB694F6C049}.Release|Any CPU.ActiveCfg = Release|Any CPU
		{F6586FF8-DD18-4192-BF36-FBB694F6C049}.Release|Any CPU.Build.0 = Release|Any CPU
		{38B56C8B-DA70-4C96-8CAD-C08092AA1924}.Debug|Any CPU.ActiveCfg = Debug|Any CPU
		{38B56C8B-DA70-4C96-8CAD-C08092AA1924}.Debug|Any CPU.Build.0 = Debug|Any CPU
		{38B56C8B-DA70-4C96-8CAD-C08092AA1924}.Release|Any CPU.ActiveCfg = Release|Any CPU
		{38B56C8B-DA70-4C96-8CAD-C08092AA1924}.Release|Any CPU.Build.0 = Release|Any CPU
		{00E35EF8-8D35-4E71-91D9-E33838E472B3}.Debug|Any CPU.ActiveCfg = Debug|Any CPU
		{00E35EF8-8D35-4E71-91D9-E33838E472B3}.Debug|Any CPU.Build.0 = Debug|Any CPU
		{00E35EF8-8D35-4E71-91D9-E33838E472B3}.Release|Any CPU.ActiveCfg = Release|Any CPU
		{00E35EF8-8D35-4E71-91D9-E33838E472B3}.Release|Any CPU.Build.0 = Release|Any CPU
		{DE80A948-FFDF-476D-BA6F-1B9146C02767}.Debug|Any CPU.ActiveCfg = Debug|Any CPU
		{DE80A948-FFDF-476D-BA6F-1B9146C02767}.Debug|Any CPU.Build.0 = Debug|Any CPU
		{DE80A948-FFDF-476D-BA6F-1B9146C02767}.Release|Any CPU.ActiveCfg = Release|Any CPU
		{DE80A948-FFDF-476D-BA6F-1B9146C02767}.Release|Any CPU.Build.0 = Release|Any CPU
		{C7FBB67B-34CD-4FD1-8DBE-8BD1389E3584}.Debug|Any CPU.ActiveCfg = Debug|Any CPU
		{C7FBB67B-34CD-4FD1-8DBE-8BD1389E3584}.Debug|Any CPU.Build.0 = Debug|Any CPU
		{C7FBB67B-34CD-4FD1-8DBE-8BD1389E3584}.Release|Any CPU.ActiveCfg = Release|Any CPU
		{C7FBB67B-34CD-4FD1-8DBE-8BD1389E3584}.Release|Any CPU.Build.0 = Release|Any CPU
		{0DC1A4C3-2B9A-4086-9C2F-B1DDB13FEE78}.Debug|Any CPU.ActiveCfg = Debug|Any CPU
		{0DC1A4C3-2B9A-4086-9C2F-B1DDB13FEE78}.Debug|Any CPU.Build.0 = Debug|Any CPU
		{0DC1A4C3-2B9A-4086-9C2F-B1DDB13FEE78}.Release|Any CPU.ActiveCfg = Release|Any CPU
		{0DC1A4C3-2B9A-4086-9C2F-B1DDB13FEE78}.Release|Any CPU.Build.0 = Release|Any CPU
		{1A51E8BF-2FA4-4657-BD75-5852ABA9516F}.Debug|Any CPU.ActiveCfg = Debug|Any CPU
		{1A51E8BF-2FA4-4657-BD75-5852ABA9516F}.Debug|Any CPU.Build.0 = Debug|Any CPU
		{1A51E8BF-2FA4-4657-BD75-5852ABA9516F}.Release|Any CPU.ActiveCfg = Release|Any CPU
		{1A51E8BF-2FA4-4657-BD75-5852ABA9516F}.Release|Any CPU.Build.0 = Release|Any CPU
		{B14CF41A-2304-449C-9D1E-F170B3419DA5}.Debug|Any CPU.ActiveCfg = Debug|Any CPU
		{B14CF41A-2304-449C-9D1E-F170B3419DA5}.Debug|Any CPU.Build.0 = Debug|Any CPU
		{B14CF41A-2304-449C-9D1E-F170B3419DA5}.Release|Any CPU.ActiveCfg = Release|Any CPU
		{B14CF41A-2304-449C-9D1E-F170B3419DA5}.Release|Any CPU.Build.0 = Release|Any CPU
		{80EC3E0D-6382-4557-B1A8-D63C49C68B0E}.Debug|Any CPU.ActiveCfg = Debug|Any CPU
		{80EC3E0D-6382-4557-B1A8-D63C49C68B0E}.Debug|Any CPU.Build.0 = Debug|Any CPU
		{80EC3E0D-6382-4557-B1A8-D63C49C68B0E}.Release|Any CPU.ActiveCfg = Release|Any CPU
		{80EC3E0D-6382-4557-B1A8-D63C49C68B0E}.Release|Any CPU.Build.0 = Release|Any CPU
		{763C0AE0-79D4-4449-9F8A-E000C1759C87}.Debug|Any CPU.ActiveCfg = Debug|Any CPU
		{763C0AE0-79D4-4449-9F8A-E000C1759C87}.Debug|Any CPU.Build.0 = Debug|Any CPU
		{763C0AE0-79D4-4449-9F8A-E000C1759C87}.Release|Any CPU.ActiveCfg = Release|Any CPU
		{763C0AE0-79D4-4449-9F8A-E000C1759C87}.Release|Any CPU.Build.0 = Release|Any CPU
		{D902D0F3-0D4A-4B41-ACD5-040302076E6E}.Debug|Any CPU.ActiveCfg = Debug|Any CPU
		{D902D0F3-0D4A-4B41-ACD5-040302076E6E}.Debug|Any CPU.Build.0 = Debug|Any CPU
		{D902D0F3-0D4A-4B41-ACD5-040302076E6E}.Release|Any CPU.ActiveCfg = Release|Any CPU
		{D902D0F3-0D4A-4B41-ACD5-040302076E6E}.Release|Any CPU.Build.0 = Release|Any CPU
		{688EEECA-30EF-472E-B664-971404FE1FA4}.Debug|Any CPU.ActiveCfg = Debug|Any CPU
		{688EEECA-30EF-472E-B664-971404FE1FA4}.Debug|Any CPU.Build.0 = Debug|Any CPU
		{688EEECA-30EF-472E-B664-971404FE1FA4}.Release|Any CPU.ActiveCfg = Release|Any CPU
		{688EEECA-30EF-472E-B664-971404FE1FA4}.Release|Any CPU.Build.0 = Release|Any CPU
		{E6745717-7D8E-4EB7-9C55-DD6A4DF23D16}.Debug|Any CPU.ActiveCfg = Debug|Any CPU
		{E6745717-7D8E-4EB7-9C55-DD6A4DF23D16}.Debug|Any CPU.Build.0 = Debug|Any CPU
		{E6745717-7D8E-4EB7-9C55-DD6A4DF23D16}.Release|Any CPU.ActiveCfg = Release|Any CPU
		{E6745717-7D8E-4EB7-9C55-DD6A4DF23D16}.Release|Any CPU.Build.0 = Release|Any CPU
		{AB482FF6-16F1-471A-85C2-A93F5C709E01}.Debug|Any CPU.ActiveCfg = Debug|Any CPU
		{AB482FF6-16F1-471A-85C2-A93F5C709E01}.Debug|Any CPU.Build.0 = Debug|Any CPU
		{AB482FF6-16F1-471A-85C2-A93F5C709E01}.Release|Any CPU.ActiveCfg = Release|Any CPU
		{AB482FF6-16F1-471A-85C2-A93F5C709E01}.Release|Any CPU.Build.0 = Release|Any CPU
		{E1D75E04-4876-452D-A789-62F6385013A5}.Debug|Any CPU.ActiveCfg = Debug|Any CPU
		{E1D75E04-4876-452D-A789-62F6385013A5}.Debug|Any CPU.Build.0 = Debug|Any CPU
		{E1D75E04-4876-452D-A789-62F6385013A5}.Release|Any CPU.ActiveCfg = Release|Any CPU
		{E1D75E04-4876-452D-A789-62F6385013A5}.Release|Any CPU.Build.0 = Release|Any CPU
		{BDF3F15D-797E-4FB3-933A-C7A7DFBD3A72}.Debug|Any CPU.ActiveCfg = Debug|Any CPU
		{BDF3F15D-797E-4FB3-933A-C7A7DFBD3A72}.Debug|Any CPU.Build.0 = Debug|Any CPU
		{BDF3F15D-797E-4FB3-933A-C7A7DFBD3A72}.Release|Any CPU.ActiveCfg = Release|Any CPU
		{BDF3F15D-797E-4FB3-933A-C7A7DFBD3A72}.Release|Any CPU.Build.0 = Release|Any CPU
		{FBE75C67-FCBC-483E-8892-BE2CE397E53C}.Debug|Any CPU.ActiveCfg = Debug|Any CPU
		{FBE75C67-FCBC-483E-8892-BE2CE397E53C}.Debug|Any CPU.Build.0 = Debug|Any CPU
		{FBE75C67-FCBC-483E-8892-BE2CE397E53C}.Release|Any CPU.ActiveCfg = Release|Any CPU
		{FBE75C67-FCBC-483E-8892-BE2CE397E53C}.Release|Any CPU.Build.0 = Release|Any CPU
		{6467C661-37EC-4AD3-8438-FCFC241C64BB}.Debug|Any CPU.ActiveCfg = Debug|Any CPU
		{6467C661-37EC-4AD3-8438-FCFC241C64BB}.Debug|Any CPU.Build.0 = Debug|Any CPU
		{6467C661-37EC-4AD3-8438-FCFC241C64BB}.Release|Any CPU.ActiveCfg = Release|Any CPU
		{6467C661-37EC-4AD3-8438-FCFC241C64BB}.Release|Any CPU.Build.0 = Release|Any CPU
		{C22E7525-8342-41A7-9B88-18A53CAD40B5}.Debug|Any CPU.ActiveCfg = Debug|Any CPU
		{C22E7525-8342-41A7-9B88-18A53CAD40B5}.Debug|Any CPU.Build.0 = Debug|Any CPU
		{C22E7525-8342-41A7-9B88-18A53CAD40B5}.Release|Any CPU.ActiveCfg = Release|Any CPU
		{C22E7525-8342-41A7-9B88-18A53CAD40B5}.Release|Any CPU.Build.0 = Release|Any CPU
		{BB852F7F-A1CC-4FE3-9E29-09AE2A46F6EC}.Debug|Any CPU.ActiveCfg = Debug|Any CPU
		{BB852F7F-A1CC-4FE3-9E29-09AE2A46F6EC}.Debug|Any CPU.Build.0 = Debug|Any CPU
		{BB852F7F-A1CC-4FE3-9E29-09AE2A46F6EC}.Release|Any CPU.ActiveCfg = Release|Any CPU
		{BB852F7F-A1CC-4FE3-9E29-09AE2A46F6EC}.Release|Any CPU.Build.0 = Release|Any CPU
		{A21276A8-B981-4AD1-9309-8BF35B6ABEB6}.Debug|Any CPU.ActiveCfg = Debug|Any CPU
		{A21276A8-B981-4AD1-9309-8BF35B6ABEB6}.Debug|Any CPU.Build.0 = Debug|Any CPU
		{A21276A8-B981-4AD1-9309-8BF35B6ABEB6}.Release|Any CPU.ActiveCfg = Release|Any CPU
		{A21276A8-B981-4AD1-9309-8BF35B6ABEB6}.Release|Any CPU.Build.0 = Release|Any CPU
		{C6D7D9C6-4B5E-4C42-905B-D91836890516}.Debug|Any CPU.ActiveCfg = Debug|Any CPU
		{C6D7D9C6-4B5E-4C42-905B-D91836890516}.Debug|Any CPU.Build.0 = Debug|Any CPU
		{C6D7D9C6-4B5E-4C42-905B-D91836890516}.Release|Any CPU.ActiveCfg = Release|Any CPU
		{C6D7D9C6-4B5E-4C42-905B-D91836890516}.Release|Any CPU.Build.0 = Release|Any CPU
		{56A0C281-58BC-4E95-BDBB-39578949874B}.Debug|Any CPU.ActiveCfg = Debug|Any CPU
		{56A0C281-58BC-4E95-BDBB-39578949874B}.Debug|Any CPU.Build.0 = Debug|Any CPU
		{56A0C281-58BC-4E95-BDBB-39578949874B}.Release|Any CPU.ActiveCfg = Release|Any CPU
		{56A0C281-58BC-4E95-BDBB-39578949874B}.Release|Any CPU.Build.0 = Release|Any CPU
		{4282C874-0DDA-4DF5-8504-B3E932E667A9}.Debug|Any CPU.ActiveCfg = Debug|Any CPU
		{4282C874-0DDA-4DF5-8504-B3E932E667A9}.Debug|Any CPU.Build.0 = Debug|Any CPU
		{4282C874-0DDA-4DF5-8504-B3E932E667A9}.Release|Any CPU.ActiveCfg = Release|Any CPU
		{4282C874-0DDA-4DF5-8504-B3E932E667A9}.Release|Any CPU.Build.0 = Release|Any CPU
		{29102023-CB49-4162-BAC0-D892D9A76179}.Debug|Any CPU.ActiveCfg = Debug|Any CPU
		{29102023-CB49-4162-BAC0-D892D9A76179}.Debug|Any CPU.Build.0 = Debug|Any CPU
		{29102023-CB49-4162-BAC0-D892D9A76179}.Release|Any CPU.ActiveCfg = Release|Any CPU
		{29102023-CB49-4162-BAC0-D892D9A76179}.Release|Any CPU.Build.0 = Release|Any CPU
		{27FFE185-8A89-4951-9157-C291D154ED97}.Debug|Any CPU.ActiveCfg = Debug|Any CPU
		{27FFE185-8A89-4951-9157-C291D154ED97}.Debug|Any CPU.Build.0 = Debug|Any CPU
		{27FFE185-8A89-4951-9157-C291D154ED97}.Release|Any CPU.ActiveCfg = Release|Any CPU
		{27FFE185-8A89-4951-9157-C291D154ED97}.Release|Any CPU.Build.0 = Release|Any CPU
		{1C2D3702-4EBE-4DA0-9601-B3D56A79B01B}.Debug|Any CPU.ActiveCfg = Debug|Any CPU
		{1C2D3702-4EBE-4DA0-9601-B3D56A79B01B}.Debug|Any CPU.Build.0 = Debug|Any CPU
		{1C2D3702-4EBE-4DA0-9601-B3D56A79B01B}.Release|Any CPU.ActiveCfg = Release|Any CPU
		{1C2D3702-4EBE-4DA0-9601-B3D56A79B01B}.Release|Any CPU.Build.0 = Release|Any CPU
		{45AFA345-DDE4-4DBA-951E-9509BE1264FB}.Debug|Any CPU.ActiveCfg = Debug|Any CPU
		{45AFA345-DDE4-4DBA-951E-9509BE1264FB}.Debug|Any CPU.Build.0 = Debug|Any CPU
		{45AFA345-DDE4-4DBA-951E-9509BE1264FB}.Release|Any CPU.ActiveCfg = Release|Any CPU
		{45AFA345-DDE4-4DBA-951E-9509BE1264FB}.Release|Any CPU.Build.0 = Release|Any CPU
		{D48B18E4-F996-4CA0-9FC4-C1CA355B7F19}.Debug|Any CPU.ActiveCfg = Debug|Any CPU
		{D48B18E4-F996-4CA0-9FC4-C1CA355B7F19}.Debug|Any CPU.Build.0 = Debug|Any CPU
		{D48B18E4-F996-4CA0-9FC4-C1CA355B7F19}.Release|Any CPU.ActiveCfg = Release|Any CPU
		{D48B18E4-F996-4CA0-9FC4-C1CA355B7F19}.Release|Any CPU.Build.0 = Release|Any CPU
		{2B5E51D8-EDC9-4710-8D6C-D1232C075FFC}.Debug|Any CPU.ActiveCfg = Debug|Any CPU
		{2B5E51D8-EDC9-4710-8D6C-D1232C075FFC}.Debug|Any CPU.Build.0 = Debug|Any CPU
		{2B5E51D8-EDC9-4710-8D6C-D1232C075FFC}.Release|Any CPU.ActiveCfg = Release|Any CPU
		{2B5E51D8-EDC9-4710-8D6C-D1232C075FFC}.Release|Any CPU.Build.0 = Release|Any CPU
		{7E1F9DC2-B639-441F-97ED-BAE0DE84E8B6}.Debug|Any CPU.ActiveCfg = Debug|Any CPU
		{7E1F9DC2-B639-441F-97ED-BAE0DE84E8B6}.Debug|Any CPU.Build.0 = Debug|Any CPU
		{7E1F9DC2-B639-441F-97ED-BAE0DE84E8B6}.Release|Any CPU.ActiveCfg = Release|Any CPU
		{7E1F9DC2-B639-441F-97ED-BAE0DE84E8B6}.Release|Any CPU.Build.0 = Release|Any CPU
		{D0862B7E-0647-4BB5-ADC5-CDB7BBF504FA}.Debug|Any CPU.ActiveCfg = Debug|Any CPU
		{D0862B7E-0647-4BB5-ADC5-CDB7BBF504FA}.Debug|Any CPU.Build.0 = Debug|Any CPU
		{D0862B7E-0647-4BB5-ADC5-CDB7BBF504FA}.Release|Any CPU.ActiveCfg = Release|Any CPU
		{D0862B7E-0647-4BB5-ADC5-CDB7BBF504FA}.Release|Any CPU.Build.0 = Release|Any CPU
		{94489912-48C0-407C-8325-0AFE0C885C51}.Debug|Any CPU.ActiveCfg = Debug|Any CPU
		{94489912-48C0-407C-8325-0AFE0C885C51}.Debug|Any CPU.Build.0 = Debug|Any CPU
		{94489912-48C0-407C-8325-0AFE0C885C51}.Release|Any CPU.ActiveCfg = Release|Any CPU
		{94489912-48C0-407C-8325-0AFE0C885C51}.Release|Any CPU.Build.0 = Release|Any CPU
		{1D9BE0E6-50EB-40DC-9444-FB6351F00A64}.Debug|Any CPU.ActiveCfg = Debug|Any CPU
		{1D9BE0E6-50EB-40DC-9444-FB6351F00A64}.Debug|Any CPU.Build.0 = Debug|Any CPU
		{1D9BE0E6-50EB-40DC-9444-FB6351F00A64}.Release|Any CPU.ActiveCfg = Release|Any CPU
		{1D9BE0E6-50EB-40DC-9444-FB6351F00A64}.Release|Any CPU.Build.0 = Release|Any CPU
		{142C8F5F-F844-4625-8167-52BA548337E9}.Debug|Any CPU.ActiveCfg = Debug|Any CPU
		{142C8F5F-F844-4625-8167-52BA548337E9}.Debug|Any CPU.Build.0 = Debug|Any CPU
		{142C8F5F-F844-4625-8167-52BA548337E9}.Release|Any CPU.ActiveCfg = Release|Any CPU
		{142C8F5F-F844-4625-8167-52BA548337E9}.Release|Any CPU.Build.0 = Release|Any CPU
		{28BFBE76-6971-417C-BFE3-C6E9D3EAB2A0}.Debug|Any CPU.ActiveCfg = Debug|Any CPU
		{28BFBE76-6971-417C-BFE3-C6E9D3EAB2A0}.Debug|Any CPU.Build.0 = Debug|Any CPU
		{28BFBE76-6971-417C-BFE3-C6E9D3EAB2A0}.Release|Any CPU.ActiveCfg = Release|Any CPU
		{28BFBE76-6971-417C-BFE3-C6E9D3EAB2A0}.Release|Any CPU.Build.0 = Release|Any CPU
		{8C9DD611-B9C6-498A-A150-39C863559C87}.Debug|Any CPU.ActiveCfg = Debug|Any CPU
		{8C9DD611-B9C6-498A-A150-39C863559C87}.Debug|Any CPU.Build.0 = Debug|Any CPU
		{8C9DD611-B9C6-498A-A150-39C863559C87}.Release|Any CPU.ActiveCfg = Release|Any CPU
		{8C9DD611-B9C6-498A-A150-39C863559C87}.Release|Any CPU.Build.0 = Release|Any CPU
		{CDD33926-0653-4AE0-A1CF-E6BA2606293D}.Debug|Any CPU.ActiveCfg = Debug|Any CPU
		{CDD33926-0653-4AE0-A1CF-E6BA2606293D}.Debug|Any CPU.Build.0 = Debug|Any CPU
		{CDD33926-0653-4AE0-A1CF-E6BA2606293D}.Release|Any CPU.ActiveCfg = Release|Any CPU
		{CDD33926-0653-4AE0-A1CF-E6BA2606293D}.Release|Any CPU.Build.0 = Release|Any CPU
		{6DAA56FC-BFF7-4916-A91E-64D71E2C0667}.Debug|Any CPU.ActiveCfg = Debug|Any CPU
		{6DAA56FC-BFF7-4916-A91E-64D71E2C0667}.Debug|Any CPU.Build.0 = Debug|Any CPU
		{6DAA56FC-BFF7-4916-A91E-64D71E2C0667}.Release|Any CPU.ActiveCfg = Release|Any CPU
		{6DAA56FC-BFF7-4916-A91E-64D71E2C0667}.Release|Any CPU.Build.0 = Release|Any CPU
		{4D0A7640-7E20-4E55-A0CD-69CDA22F5E3C}.Debug|Any CPU.ActiveCfg = Debug|Any CPU
		{4D0A7640-7E20-4E55-A0CD-69CDA22F5E3C}.Debug|Any CPU.Build.0 = Debug|Any CPU
		{4D0A7640-7E20-4E55-A0CD-69CDA22F5E3C}.Release|Any CPU.ActiveCfg = Release|Any CPU
		{4D0A7640-7E20-4E55-A0CD-69CDA22F5E3C}.Release|Any CPU.Build.0 = Release|Any CPU
		{E1D29368-F5E0-4DF4-8511-43C30B15F5A4}.Debug|Any CPU.ActiveCfg = Debug|Any CPU
		{E1D29368-F5E0-4DF4-8511-43C30B15F5A4}.Debug|Any CPU.Build.0 = Debug|Any CPU
		{E1D29368-F5E0-4DF4-8511-43C30B15F5A4}.Release|Any CPU.ActiveCfg = Release|Any CPU
		{E1D29368-F5E0-4DF4-8511-43C30B15F5A4}.Release|Any CPU.Build.0 = Release|Any CPU
		{F189556B-E699-454B-B8D2-1FC9A6111DB0}.Debug|Any CPU.ActiveCfg = Debug|Any CPU
		{F189556B-E699-454B-B8D2-1FC9A6111DB0}.Debug|Any CPU.Build.0 = Debug|Any CPU
		{F189556B-E699-454B-B8D2-1FC9A6111DB0}.Release|Any CPU.ActiveCfg = Release|Any CPU
		{F189556B-E699-454B-B8D2-1FC9A6111DB0}.Release|Any CPU.Build.0 = Release|Any CPU
		{EDA43DCC-F7A0-4D30-A837-100FFD2DBDF6}.Debug|Any CPU.ActiveCfg = Debug|Any CPU
		{EDA43DCC-F7A0-4D30-A837-100FFD2DBDF6}.Debug|Any CPU.Build.0 = Debug|Any CPU
		{EDA43DCC-F7A0-4D30-A837-100FFD2DBDF6}.Release|Any CPU.ActiveCfg = Release|Any CPU
		{EDA43DCC-F7A0-4D30-A837-100FFD2DBDF6}.Release|Any CPU.Build.0 = Release|Any CPU
		{ECE3042E-08B6-485B-868C-72D3791B3E9D}.Debug|Any CPU.ActiveCfg = Debug|Any CPU
		{ECE3042E-08B6-485B-868C-72D3791B3E9D}.Debug|Any CPU.Build.0 = Debug|Any CPU
		{ECE3042E-08B6-485B-868C-72D3791B3E9D}.Release|Any CPU.ActiveCfg = Release|Any CPU
		{ECE3042E-08B6-485B-868C-72D3791B3E9D}.Release|Any CPU.Build.0 = Release|Any CPU
		{8E1AAE90-A681-48EC-B59B-2843EF05937C}.Debug|Any CPU.ActiveCfg = Debug|Any CPU
		{8E1AAE90-A681-48EC-B59B-2843EF05937C}.Debug|Any CPU.Build.0 = Debug|Any CPU
		{8E1AAE90-A681-48EC-B59B-2843EF05937C}.Release|Any CPU.ActiveCfg = Release|Any CPU
		{8E1AAE90-A681-48EC-B59B-2843EF05937C}.Release|Any CPU.Build.0 = Release|Any CPU
		{6962F54B-EF0A-4D29-A265-38B250987FBA}.Debug|Any CPU.ActiveCfg = Debug|Any CPU
		{6962F54B-EF0A-4D29-A265-38B250987FBA}.Debug|Any CPU.Build.0 = Debug|Any CPU
		{6962F54B-EF0A-4D29-A265-38B250987FBA}.Release|Any CPU.ActiveCfg = Release|Any CPU
		{6962F54B-EF0A-4D29-A265-38B250987FBA}.Release|Any CPU.Build.0 = Release|Any CPU
		{6C812C58-642D-4E98-93A0-08A6A1C98AA9}.Debug|Any CPU.ActiveCfg = Debug|Any CPU
		{6C812C58-642D-4E98-93A0-08A6A1C98AA9}.Debug|Any CPU.Build.0 = Debug|Any CPU
		{6C812C58-642D-4E98-93A0-08A6A1C98AA9}.Release|Any CPU.ActiveCfg = Release|Any CPU
		{6C812C58-642D-4E98-93A0-08A6A1C98AA9}.Release|Any CPU.Build.0 = Release|Any CPU
		{49C72FCE-48D6-4D67-8C1C-9D9532BEAFD1}.Debug|Any CPU.ActiveCfg = Debug|Any CPU
		{49C72FCE-48D6-4D67-8C1C-9D9532BEAFD1}.Debug|Any CPU.Build.0 = Debug|Any CPU
		{49C72FCE-48D6-4D67-8C1C-9D9532BEAFD1}.Release|Any CPU.ActiveCfg = Release|Any CPU
		{49C72FCE-48D6-4D67-8C1C-9D9532BEAFD1}.Release|Any CPU.Build.0 = Release|Any CPU
		{CDE9CD1D-A591-4582-8193-8A162D18F7CF}.Debug|Any CPU.ActiveCfg = Debug|Any CPU
		{CDE9CD1D-A591-4582-8193-8A162D18F7CF}.Debug|Any CPU.Build.0 = Debug|Any CPU
		{CDE9CD1D-A591-4582-8193-8A162D18F7CF}.Release|Any CPU.ActiveCfg = Release|Any CPU
		{CDE9CD1D-A591-4582-8193-8A162D18F7CF}.Release|Any CPU.Build.0 = Release|Any CPU
		{58519713-4069-4DF0-BCA0-B156DAAA921E}.Debug|Any CPU.ActiveCfg = Debug|Any CPU
		{58519713-4069-4DF0-BCA0-B156DAAA921E}.Debug|Any CPU.Build.0 = Debug|Any CPU
		{58519713-4069-4DF0-BCA0-B156DAAA921E}.Release|Any CPU.ActiveCfg = Release|Any CPU
		{58519713-4069-4DF0-BCA0-B156DAAA921E}.Release|Any CPU.Build.0 = Release|Any CPU
		{8810DB89-C82E-4A2B-AF12-E0DECF9223B8}.Debug|Any CPU.ActiveCfg = Debug|Any CPU
		{8810DB89-C82E-4A2B-AF12-E0DECF9223B8}.Debug|Any CPU.Build.0 = Debug|Any CPU
		{8810DB89-C82E-4A2B-AF12-E0DECF9223B8}.Release|Any CPU.ActiveCfg = Release|Any CPU
		{8810DB89-C82E-4A2B-AF12-E0DECF9223B8}.Release|Any CPU.Build.0 = Release|Any CPU
		{F2A51454-F3AA-41DB-800B-F47D4B479464}.Debug|Any CPU.ActiveCfg = Debug|Any CPU
		{F2A51454-F3AA-41DB-800B-F47D4B479464}.Debug|Any CPU.Build.0 = Debug|Any CPU
		{F2A51454-F3AA-41DB-800B-F47D4B479464}.Release|Any CPU.ActiveCfg = Release|Any CPU
		{F2A51454-F3AA-41DB-800B-F47D4B479464}.Release|Any CPU.Build.0 = Release|Any CPU
		{175E9BF5-6A92-4DDA-BD75-C5120CE8AA22}.Debug|Any CPU.ActiveCfg = Debug|Any CPU
		{175E9BF5-6A92-4DDA-BD75-C5120CE8AA22}.Debug|Any CPU.Build.0 = Debug|Any CPU
		{175E9BF5-6A92-4DDA-BD75-C5120CE8AA22}.Release|Any CPU.ActiveCfg = Release|Any CPU
		{175E9BF5-6A92-4DDA-BD75-C5120CE8AA22}.Release|Any CPU.Build.0 = Release|Any CPU
		{2536DCFC-474D-447F-A4DE-AFEC81EBFF3A}.Debug|Any CPU.ActiveCfg = Debug|Any CPU
		{2536DCFC-474D-447F-A4DE-AFEC81EBFF3A}.Debug|Any CPU.Build.0 = Debug|Any CPU
		{2536DCFC-474D-447F-A4DE-AFEC81EBFF3A}.Release|Any CPU.ActiveCfg = Release|Any CPU
		{2536DCFC-474D-447F-A4DE-AFEC81EBFF3A}.Release|Any CPU.Build.0 = Release|Any CPU
		{9DEA511E-8F90-4E8C-AA36-EC70523E2C12}.Debug|Any CPU.ActiveCfg = Debug|Any CPU
		{9DEA511E-8F90-4E8C-AA36-EC70523E2C12}.Debug|Any CPU.Build.0 = Debug|Any CPU
		{9DEA511E-8F90-4E8C-AA36-EC70523E2C12}.Release|Any CPU.ActiveCfg = Release|Any CPU
		{9DEA511E-8F90-4E8C-AA36-EC70523E2C12}.Release|Any CPU.Build.0 = Release|Any CPU
		{9C77DF2B-CF88-460D-8E8C-0084C56872F6}.Debug|Any CPU.ActiveCfg = Debug|Any CPU
		{9C77DF2B-CF88-460D-8E8C-0084C56872F6}.Debug|Any CPU.Build.0 = Debug|Any CPU
		{9C77DF2B-CF88-460D-8E8C-0084C56872F6}.Release|Any CPU.ActiveCfg = Release|Any CPU
		{9C77DF2B-CF88-460D-8E8C-0084C56872F6}.Release|Any CPU.Build.0 = Release|Any CPU
		{270DDD91-D689-426E-BF58-379800AA8664}.Debug|Any CPU.ActiveCfg = Debug|Any CPU
		{270DDD91-D689-426E-BF58-379800AA8664}.Debug|Any CPU.Build.0 = Debug|Any CPU
		{270DDD91-D689-426E-BF58-379800AA8664}.Release|Any CPU.ActiveCfg = Release|Any CPU
		{270DDD91-D689-426E-BF58-379800AA8664}.Release|Any CPU.Build.0 = Release|Any CPU
		{A8B6B94C-FFA6-45C4-BE0C-ACF358207252}.Debug|Any CPU.ActiveCfg = Debug|Any CPU
		{A8B6B94C-FFA6-45C4-BE0C-ACF358207252}.Debug|Any CPU.Build.0 = Debug|Any CPU
		{A8B6B94C-FFA6-45C4-BE0C-ACF358207252}.Release|Any CPU.ActiveCfg = Release|Any CPU
		{A8B6B94C-FFA6-45C4-BE0C-ACF358207252}.Release|Any CPU.Build.0 = Release|Any CPU
		{A51C4478-7F1D-4AF3-B170-FDAED3B87314}.Debug|Any CPU.ActiveCfg = Debug|Any CPU
		{A51C4478-7F1D-4AF3-B170-FDAED3B87314}.Debug|Any CPU.Build.0 = Debug|Any CPU
		{A51C4478-7F1D-4AF3-B170-FDAED3B87314}.Release|Any CPU.ActiveCfg = Release|Any CPU
		{A51C4478-7F1D-4AF3-B170-FDAED3B87314}.Release|Any CPU.Build.0 = Release|Any CPU
		{0F9B5E3D-4A81-405F-9100-74774FA85849}.Debug|Any CPU.ActiveCfg = Debug|Any CPU
		{0F9B5E3D-4A81-405F-9100-74774FA85849}.Debug|Any CPU.Build.0 = Debug|Any CPU
		{0F9B5E3D-4A81-405F-9100-74774FA85849}.Release|Any CPU.ActiveCfg = Release|Any CPU
		{0F9B5E3D-4A81-405F-9100-74774FA85849}.Release|Any CPU.Build.0 = Release|Any CPU
		{4BAB7800-6484-486F-A460-4AB89ADB24C9}.Debug|Any CPU.ActiveCfg = Debug|Any CPU
		{4BAB7800-6484-486F-A460-4AB89ADB24C9}.Debug|Any CPU.Build.0 = Debug|Any CPU
		{4BAB7800-6484-486F-A460-4AB89ADB24C9}.Release|Any CPU.ActiveCfg = Release|Any CPU
		{4BAB7800-6484-486F-A460-4AB89ADB24C9}.Release|Any CPU.Build.0 = Release|Any CPU
		{54B5E63B-DA2A-416F-8812-0AB3E63D5F95}.Debug|Any CPU.ActiveCfg = Debug|Any CPU
		{54B5E63B-DA2A-416F-8812-0AB3E63D5F95}.Debug|Any CPU.Build.0 = Debug|Any CPU
		{54B5E63B-DA2A-416F-8812-0AB3E63D5F95}.Release|Any CPU.ActiveCfg = Release|Any CPU
		{54B5E63B-DA2A-416F-8812-0AB3E63D5F95}.Release|Any CPU.Build.0 = Release|Any CPU
		{F73B706A-17BC-4AE8-9C6A-DDBBAACFCB22}.Debug|Any CPU.ActiveCfg = Debug|Any CPU
		{F73B706A-17BC-4AE8-9C6A-DDBBAACFCB22}.Debug|Any CPU.Build.0 = Debug|Any CPU
		{F73B706A-17BC-4AE8-9C6A-DDBBAACFCB22}.Release|Any CPU.ActiveCfg = Release|Any CPU
		{F73B706A-17BC-4AE8-9C6A-DDBBAACFCB22}.Release|Any CPU.Build.0 = Release|Any CPU
		{679BBA9A-9FDC-4A5C-8783-62ACF97A93AC}.Debug|Any CPU.ActiveCfg = Debug|Any CPU
		{679BBA9A-9FDC-4A5C-8783-62ACF97A93AC}.Debug|Any CPU.Build.0 = Debug|Any CPU
		{679BBA9A-9FDC-4A5C-8783-62ACF97A93AC}.Release|Any CPU.ActiveCfg = Release|Any CPU
		{679BBA9A-9FDC-4A5C-8783-62ACF97A93AC}.Release|Any CPU.Build.0 = Release|Any CPU
		{283899B0-32EE-4319-9DEA-DD629F722B6F}.Debug|Any CPU.ActiveCfg = Debug|Any CPU
		{283899B0-32EE-4319-9DEA-DD629F722B6F}.Debug|Any CPU.Build.0 = Debug|Any CPU
		{283899B0-32EE-4319-9DEA-DD629F722B6F}.Release|Any CPU.ActiveCfg = Release|Any CPU
		{283899B0-32EE-4319-9DEA-DD629F722B6F}.Release|Any CPU.Build.0 = Release|Any CPU
		{E6D355FD-0217-4A71-9BE9-A8C15AAE181D}.Debug|Any CPU.ActiveCfg = Debug|Any CPU
		{E6D355FD-0217-4A71-9BE9-A8C15AAE181D}.Debug|Any CPU.Build.0 = Debug|Any CPU
		{E6D355FD-0217-4A71-9BE9-A8C15AAE181D}.Release|Any CPU.ActiveCfg = Release|Any CPU
		{E6D355FD-0217-4A71-9BE9-A8C15AAE181D}.Release|Any CPU.Build.0 = Release|Any CPU
		{2DCE766F-4373-48A8-ABED-AB4201032521}.Debug|Any CPU.ActiveCfg = Debug|Any CPU
		{2DCE766F-4373-48A8-ABED-AB4201032521}.Debug|Any CPU.Build.0 = Debug|Any CPU
		{2DCE766F-4373-48A8-ABED-AB4201032521}.Release|Any CPU.ActiveCfg = Release|Any CPU
		{2DCE766F-4373-48A8-ABED-AB4201032521}.Release|Any CPU.Build.0 = Release|Any CPU
	EndGlobalSection
	GlobalSection(SolutionProperties) = preSolution
		HideSolutionNode = FALSE
	EndGlobalSection
	GlobalSection(ExtensibilityGlobals) = postSolution
		SolutionGuid = {ADCC3CF2-6755-422D-8D79-E1DF0145E594}
	EndGlobalSection
EndGlobal
