
Microsoft Visual Studio Solution File, Format Version 12.00
# Visual Studio Version 17
VisualStudioVersion = 17.0.31903.59
MinimumVisualStudioVersion = 10.0.40219.1
Project("{FAE04EC0-301F-11D3-BF4B-00C04F79EFBC}") = "DotNetBrowserApp", "DotNetBrowserApp\DotNetBrowserApp.csproj", "{35201D99-037D-4BFE-9A89-74649C9B084A}"
EndProject
Project("{FAE04EC0-301F-11D3-BF4B-00C04F79EFBC}") = "CefSharpApp", "CefSharpApp\CefSharpApp.csproj", "{D369B48A-845B-4597-98F6-BFF36E68D2D4}"
EndProject
Global
	GlobalSection(SolutionConfigurationPlatforms) = preSolution
		Debug|Any CPU = Debug|Any CPU
		Release|Any CPU = Release|Any CPU
	EndGlobalSection
	GlobalSection(ProjectConfigurationPlatforms) = postSolution
		{35201D99-037D-4BFE-9A89-74649C9B084A}.Debug|Any CPU.ActiveCfg = Debug|Any CPU
		{35201D99-037D-4BFE-9A89-74649C9B084A}.Debug|Any CPU.Build.0 = Debug|Any CPU
		{35201D99-037D-4BFE-9A89-74649C9B084A}.Release|Any CPU.ActiveCfg = Release|Any CPU
		{35201D99-037D-4BFE-9A89-74649C9B084A}.Release|Any CPU.Build.0 = Release|Any CPU
		{D369B48A-845B-4597-98F6-BFF36E68D2D4}.Debug|Any CPU.ActiveCfg = Debug|Any CPU
		{D369B48A-845B-4597-98F6-BFF36E68D2D4}.Debug|Any CPU.Build.0 = Debug|Any CPU
		{D369B48A-845B-4597-98F6-BFF36E68D2D4}.Release|Any CPU.ActiveCfg = Release|Any CPU
		{D369B48A-845B-4597-98F6-BFF36E68D2D4}.Release|Any CPU.Build.0 = Release|Any CPU
	EndGlobalSection
	GlobalSection(SolutionProperties) = preSolution
		HideSolutionNode = FALSE
	EndGlobalSection
EndGlobal
