
Microsoft Visual Studio Solution File, Format Version 12.00
# Visual Studio Version 16
VisualStudioVersion = 16.0.31019.35
MinimumVisualStudioVersion = 10.0.40219.1
Project("{2150E333-8FDC-42A3-9474-1A3956D46DE8}") = "Solution Items", "Solution Items", "{FFD68302-C4FF-4DE0-A0A3-992118BE7F66}"
EndProject
Project("{F184B08F-C81C-45F6-A57F-5ABD9991F28F}") = "ContextMenu.WinForms", "ContextMenu\ContextMenu.WinForms.vbproj", "{142C8F5F-F844-4625-8167-52BA548337E9}"
EndProject
Project("{F184B08F-C81C-45F6-A57F-5ABD9991F28F}") = "JavaScriptBridge.WinForms", "JavaScriptBridge\JavaScriptBridge.WinForms.vbproj", "{28BFBE76-6971-417C-BFE3-C6E9D3EAB2A0}"
EndProject
Project("{F184B08F-C81C-45F6-A57F-5ABD9991F28F}") = "FullScreen.WinForms", "FullScreen\FullScreen.WinForms.vbproj", "{CDD33926-0653-4AE0-A1CF-E6BA2606293D}"
EndProject
Project("{F184B08F-C81C-45F6-A57F-5ABD9991F28F}") = "ObservePageChanges.WinForms", "ObservePageChanges\ObservePageChanges.WinForms.vbproj", "{4D0A7640-7E20-4E55-A0CD-69CDA22F5E3C}"
EndProject
Project("{F184B08F-C81C-45F6-A57F-5ABD9991F28F}") = "GoogleMaps.WinForms", "GoogleMaps\GoogleMaps.WinForms.vbproj", "{E1D29368-F5E0-4DF4-8511-43C30B15F5A4}"
EndProject
Project("{F184B08F-C81C-45F6-A57F-5ABD9991F28F}") = "Inspect.WinForms", "Inspect\Inspect.WinForms.vbproj", "{EDA43DCC-F7A0-4D30-A837-100FFD2DBDF6}"
EndProject
Project("{F184B08F-C81C-45F6-A57F-5ABD9991F28F}") = "Kiosk.WinForms", "Kiosk\Kiosk.WinForms.vbproj", "{8E1AAE90-A681-48EC-B59B-2843EF05937C}"
EndProject
Project("{F184B08F-C81C-45F6-A57F-5ABD9991F28F}") = "KeyboardEventSimulation.WinForms", "KeyboardEventSimulation\KeyboardEventSimulation.WinForms.vbproj", "{70343265-DC69-4566-BEAB-A7A5D431B968}"
EndProject
Project("{F184B08F-C81C-45F6-A57F-5ABD9991F28F}") = "Dom.DragAndDrop.WinForms", "Dom.DragAndDrop\Dom.DragAndDrop.WinForms.vbproj", "{8810DB89-C82E-4A2B-AF12-E0DECF9223B8}"
EndProject
Project("{F184B08F-C81C-45F6-A57F-5ABD9991F28F}") = "CustomShortcuts.WinForms", "CustomShortcuts\CustomShortcuts.WinForms.vbproj", "{175E9BF5-6A92-4DDA-BD75-C5120CE8AA22}"
EndProject
Project("{F184B08F-C81C-45F6-A57F-5ABD9991F28F}") = "DevTools.WinForms", "DevTools\DevTools.WinForms.vbproj", "{2536DCFC-474D-447F-A4DE-AFEC81EBFF3A}"
EndProject
Project("{F184B08F-C81C-45F6-A57F-5ABD9991F28F}") = "MailToHandling.WinForms", "MailToHandling\MailToHandling.WinForms.vbproj", "{270DDD91-D689-426E-BF58-379800AA8664}"
EndProject
Project("{F184B08F-C81C-45F6-A57F-5ABD9991F28F}") = "GoogleStreetView.WinForms", "GoogleStreetView\GoogleStreetView.WinForms.vbproj", "{0F9B5E3D-4A81-405F-9100-74774FA85849}"
EndProject
Project("{F184B08F-C81C-45F6-A57F-5ABD9991F28F}") = "Profiles.WinForms", "Profiles\Profiles.WinForms.vbproj", "{2DCE766F-4373-48A8-ABED-AB4201032521}"
EndProject
Project("{F184B08F-C81C-45F6-A57F-5ABD9991F28F}") = "Popups.WinForms", "Popups\Popups.WinForms.vbproj", "{F2CC4CD8-3E3D-40F2-B402-B3A850D53819}"
EndProject
Project("{F184B08F-C81C-45F6-A57F-5ABD9991F28F}") = "ContextMenu.SpellCheck.WinForms", "ContextMenu.SpellCheck\ContextMenu.SpellCheck.WinForms.vbproj", "{B742AA6C-D02A-4A93-88B6-7FED875A95C5}"
EndProject
Project("{F184B08F-C81C-45F6-A57F-5ABD9991F28F}") = "ElementVisibility.WinForms", "ElementVisibility\ElementVisibility.WinForms.vbproj", "{9C359B97-BCE8-4B0B-9C99-461E3DA337E0}"
EndProject
Project("{F184B08F-C81C-45F6-A57F-5ABD9991F28F}") = "ElementHostEmbedding.WinForms", "ElementHostEmbedding\ElementHostEmbedding.WinForms.vbproj", "{0EDCFB1B-85FB-4C94-92B8-7E390872953A}"
EndProject
Project("{F184B08F-C81C-45F6-A57F-5ABD9991F28F}") = "CookiesSharing.WinForms", "CookiesSharing\CookiesSharing.WinForms.vbproj", "{87476D85-4C5D-48EB-AB1E-4AD73B36645B}"
EndProject
Project("{F184B08F-C81C-45F6-A57F-5ABD9991F28F}") = "SimulateUserInput.WinForms", "SimulateUserInput\SimulateUserInput.WinForms.vbproj", "{D7652414-87F1-40E1-8D7B-7C54693B5A30}"
EndProject
Global
	GlobalSection(SolutionConfigurationPlatforms) = preSolution
		Debug|Any CPU = Debug|Any CPU
		Release|Any CPU = Release|Any CPU
	EndGlobalSection
	GlobalSection(ProjectConfigurationPlatforms) = postSolution
		{142C8F5F-F844-4625-8167-52BA548337E9}.Debug|Any CPU.ActiveCfg = Debug|Any CPU
		{142C8F5F-F844-4625-8167-52BA548337E9}.Debug|Any CPU.Build.0 = Debug|Any CPU
		{142C8F5F-F844-4625-8167-52BA548337E9}.Release|Any CPU.ActiveCfg = Release|Any CPU
		{142C8F5F-F844-4625-8167-52BA548337E9}.Release|Any CPU.Build.0 = Release|Any CPU
		{28BFBE76-6971-417C-BFE3-C6E9D3EAB2A0}.Debug|Any CPU.ActiveCfg = Debug|Any CPU
		{28BFBE76-6971-417C-BFE3-C6E9D3EAB2A0}.Debug|Any CPU.Build.0 = Debug|Any CPU
		{28BFBE76-6971-417C-BFE3-C6E9D3EAB2A0}.Release|Any CPU.ActiveCfg = Release|Any CPU
		{28BFBE76-6971-417C-BFE3-C6E9D3EAB2A0}.Release|Any CPU.Build.0 = Release|Any CPU
		{CDD33926-0653-4AE0-A1CF-E6BA2606293D}.Debug|Any CPU.ActiveCfg = Debug|Any CPU
		{CDD33926-0653-4AE0-A1CF-E6BA2606293D}.Debug|Any CPU.Build.0 = Debug|Any CPU
		{CDD33926-0653-4AE0-A1CF-E6BA2606293D}.Release|Any CPU.ActiveCfg = Release|Any CPU
		{CDD33926-0653-4AE0-A1CF-E6BA2606293D}.Release|Any CPU.Build.0 = Release|Any CPU
		{4D0A7640-7E20-4E55-A0CD-69CDA22F5E3C}.Debug|Any CPU.ActiveCfg = Debug|Any CPU
		{4D0A7640-7E20-4E55-A0CD-69CDA22F5E3C}.Debug|Any CPU.Build.0 = Debug|Any CPU
		{4D0A7640-7E20-4E55-A0CD-69CDA22F5E3C}.Release|Any CPU.ActiveCfg = Release|Any CPU
		{4D0A7640-7E20-4E55-A0CD-69CDA22F5E3C}.Release|Any CPU.Build.0 = Release|Any CPU
		{E1D29368-F5E0-4DF4-8511-43C30B15F5A4}.Debug|Any CPU.ActiveCfg = Debug|Any CPU
		{E1D29368-F5E0-4DF4-8511-43C30B15F5A4}.Debug|Any CPU.Build.0 = Debug|Any CPU
		{E1D29368-F5E0-4DF4-8511-43C30B15F5A4}.Release|Any CPU.ActiveCfg = Release|Any CPU
		{E1D29368-F5E0-4DF4-8511-43C30B15F5A4}.Release|Any CPU.Build.0 = Release|Any CPU
		{EDA43DCC-F7A0-4D30-A837-100FFD2DBDF6}.Debug|Any CPU.ActiveCfg = Debug|Any CPU
		{EDA43DCC-F7A0-4D30-A837-100FFD2DBDF6}.Debug|Any CPU.Build.0 = Debug|Any CPU
		{EDA43DCC-F7A0-4D30-A837-100FFD2DBDF6}.Release|Any CPU.ActiveCfg = Release|Any CPU
		{EDA43DCC-F7A0-4D30-A837-100FFD2DBDF6}.Release|Any CPU.Build.0 = Release|Any CPU
		{8E1AAE90-A681-48EC-B59B-2843EF05937C}.Debug|Any CPU.ActiveCfg = Debug|Any CPU
		{8E1AAE90-A681-48EC-B59B-2843EF05937C}.Debug|Any CPU.Build.0 = Debug|Any CPU
		{8E1AAE90-A681-48EC-B59B-2843EF05937C}.Release|Any CPU.ActiveCfg = Release|Any CPU
		{8E1AAE90-A681-48EC-B59B-2843EF05937C}.Release|Any CPU.Build.0 = Release|Any CPU
		{70343265-DC69-4566-BEAB-A7A5D431B968}.Debug|Any CPU.ActiveCfg = Debug|Any CPU
		{70343265-DC69-4566-BEAB-A7A5D431B968}.Debug|Any CPU.Build.0 = Debug|Any CPU
		{70343265-DC69-4566-BEAB-A7A5D431B968}.Release|Any CPU.ActiveCfg = Release|Any CPU
		{70343265-DC69-4566-BEAB-A7A5D431B968}.Release|Any CPU.Build.0 = Release|Any CPU
		{8810DB89-C82E-4A2B-AF12-E0DECF9223B8}.Debug|Any CPU.ActiveCfg = Debug|Any CPU
		{8810DB89-C82E-4A2B-AF12-E0DECF9223B8}.Debug|Any CPU.Build.0 = Debug|Any CPU
		{8810DB89-C82E-4A2B-AF12-E0DECF9223B8}.Release|Any CPU.ActiveCfg = Release|Any CPU
		{8810DB89-C82E-4A2B-AF12-E0DECF9223B8}.Release|Any CPU.Build.0 = Release|Any CPU
		{175E9BF5-6A92-4DDA-BD75-C5120CE8AA22}.Debug|Any CPU.ActiveCfg = Debug|Any CPU
		{175E9BF5-6A92-4DDA-BD75-C5120CE8AA22}.Debug|Any CPU.Build.0 = Debug|Any CPU
		{175E9BF5-6A92-4DDA-BD75-C5120CE8AA22}.Release|Any CPU.ActiveCfg = Release|Any CPU
		{175E9BF5-6A92-4DDA-BD75-C5120CE8AA22}.Release|Any CPU.Build.0 = Release|Any CPU
		{2536DCFC-474D-447F-A4DE-AFEC81EBFF3A}.Debug|Any CPU.ActiveCfg = Debug|Any CPU
		{2536DCFC-474D-447F-A4DE-AFEC81EBFF3A}.Debug|Any CPU.Build.0 = Debug|Any CPU
		{2536DCFC-474D-447F-A4DE-AFEC81EBFF3A}.Release|Any CPU.ActiveCfg = Release|Any CPU
		{2536DCFC-474D-447F-A4DE-AFEC81EBFF3A}.Release|Any CPU.Build.0 = Release|Any CPU
		{270DDD91-D689-426E-BF58-379800AA8664}.Debug|Any CPU.ActiveCfg = Debug|Any CPU
		{270DDD91-D689-426E-BF58-379800AA8664}.Debug|Any CPU.Build.0 = Debug|Any CPU
		{270DDD91-D689-426E-BF58-379800AA8664}.Release|Any CPU.ActiveCfg = Release|Any CPU
		{270DDD91-D689-426E-BF58-379800AA8664}.Release|Any CPU.Build.0 = Release|Any CPU
		{0F9B5E3D-4A81-405F-9100-74774FA85849}.Debug|Any CPU.ActiveCfg = Debug|Any CPU
		{0F9B5E3D-4A81-405F-9100-74774FA85849}.Debug|Any CPU.Build.0 = Debug|Any CPU
		{0F9B5E3D-4A81-405F-9100-74774FA85849}.Release|Any CPU.ActiveCfg = Release|Any CPU
		{0F9B5E3D-4A81-405F-9100-74774FA85849}.Release|Any CPU.Build.0 = Release|Any CPU
		{2DCE766F-4373-48A8-ABED-AB4201032521}.Debug|Any CPU.ActiveCfg = Debug|Any CPU
		{2DCE766F-4373-48A8-ABED-AB4201032521}.Debug|Any CPU.Build.0 = Debug|Any CPU
		{2DCE766F-4373-48A8-ABED-AB4201032521}.Release|Any CPU.ActiveCfg = Release|Any CPU
		{2DCE766F-4373-48A8-ABED-AB4201032521}.Release|Any CPU.Build.0 = Release|Any CPU
		{F2CC4CD8-3E3D-40F2-B402-B3A850D53819}.Debug|Any CPU.ActiveCfg = Debug|Any CPU
		{F2CC4CD8-3E3D-40F2-B402-B3A850D53819}.Debug|Any CPU.Build.0 = Debug|Any CPU
		{F2CC4CD8-3E3D-40F2-B402-B3A850D53819}.Release|Any CPU.ActiveCfg = Release|Any CPU
		{F2CC4CD8-3E3D-40F2-B402-B3A850D53819}.Release|Any CPU.Build.0 = Release|Any CPU
		{B742AA6C-D02A-4A93-88B6-7FED875A95C5}.Debug|Any CPU.ActiveCfg = Debug|Any CPU
		{B742AA6C-D02A-4A93-88B6-7FED875A95C5}.Debug|Any CPU.Build.0 = Debug|Any CPU
		{B742AA6C-D02A-4A93-88B6-7FED875A95C5}.Release|Any CPU.ActiveCfg = Release|Any CPU
		{B742AA6C-D02A-4A93-88B6-7FED875A95C5}.Release|Any CPU.Build.0 = Release|Any CPU
		{9C359B97-BCE8-4B0B-9C99-461E3DA337E0}.Debug|Any CPU.ActiveCfg = Debug|Any CPU
		{9C359B97-BCE8-4B0B-9C99-461E3DA337E0}.Debug|Any CPU.Build.0 = Debug|Any CPU
		{9C359B97-BCE8-4B0B-9C99-461E3DA337E0}.Release|Any CPU.ActiveCfg = Release|Any CPU
		{9C359B97-BCE8-4B0B-9C99-461E3DA337E0}.Release|Any CPU.Build.0 = Release|Any CPU
		{0EDCFB1B-85FB-4C94-92B8-7E390872953A}.Debug|Any CPU.ActiveCfg = Debug|Any CPU
		{0EDCFB1B-85FB-4C94-92B8-7E390872953A}.Debug|Any CPU.Build.0 = Debug|Any CPU
		{0EDCFB1B-85FB-4C94-92B8-7E390872953A}.Release|Any CPU.ActiveCfg = Release|Any CPU
		{0EDCFB1B-85FB-4C94-92B8-7E390872953A}.Release|Any CPU.Build.0 = Release|Any CPU
		{87476D85-4C5D-48EB-AB1E-4AD73B36645B}.Debug|Any CPU.ActiveCfg = Debug|Any CPU
		{87476D85-4C5D-48EB-AB1E-4AD73B36645B}.Debug|Any CPU.Build.0 = Debug|Any CPU
		{87476D85-4C5D-48EB-AB1E-4AD73B36645B}.Release|Any CPU.ActiveCfg = Release|Any CPU
		{87476D85-4C5D-48EB-AB1E-4AD73B36645B}.Release|Any CPU.Build.0 = Release|Any CPU
		{D7652414-87F1-40E1-8D7B-7C54693B5A30}.Debug|Any CPU.ActiveCfg = Debug|Any CPU
		{D7652414-87F1-40E1-8D7B-7C54693B5A30}.Debug|Any CPU.Build.0 = Debug|Any CPU
		{D7652414-87F1-40E1-8D7B-7C54693B5A30}.Release|Any CPU.ActiveCfg = Release|Any CPU
		{D7652414-87F1-40E1-8D7B-7C54693B5A30}.Release|Any CPU.Build.0 = Release|Any CPU
	EndGlobalSection
	GlobalSection(SolutionProperties) = preSolution
		HideSolutionNode = FALSE
	EndGlobalSection
	GlobalSection(ExtensibilityGlobals) = postSolution
		SolutionGuid = {ADCC3CF2-6755-422D-8D79-E1DF0145E594}
	EndGlobalSection
EndGlobal
