
Microsoft Visual Studio Solution File, Format Version 12.00
# Visual Studio Version 16
VisualStudioVersion = 16.0.31019.35
MinimumVisualStudioVersion = 10.0.40219.1
Project("{2150E333-8FDC-42A3-9474-1A3956D46DE8}") = "Solution Items", "Solution Items", "{FFD68302-C4FF-4DE0-A0A3-992118BE7F66}"
EndProject
Project("{F184B08F-C81C-45F6-A57F-5ABD9991F28F}") = "SeleniumChromeDriver", "SeleniumChromeDriver\SeleniumChromeDriver.vbproj", "{E57340FF-5E71-47D7-A7BA-43B92630B49D}"
EndProject
Global
	GlobalSection(SolutionConfigurationPlatforms) = preSolution
		Debug|Any CPU = Debug|Any CPU
		Release|Any CPU = Release|Any CPU
	EndGlobalSection
	GlobalSection(ProjectConfigurationPlatforms) = postSolution
		{E57340FF-5E71-47D7-A7BA-43B92630B49D}.Debug|Any CPU.ActiveCfg = Debug|Any CPU
		{E57340FF-5E71-47D7-A7BA-43B92630B49D}.Debug|Any CPU.Build.0 = Debug|Any CPU
		{E57340FF-5E71-47D7-A7BA-43B92630B49D}.Release|Any CPU.ActiveCfg = Release|Any CPU
		{E57340FF-5E71-47D7-A7BA-43B92630B49D}.Release|Any CPU.Build.0 = Release|Any CPU
	EndGlobalSection
	GlobalSection(SolutionProperties) = preSolution
		HideSolutionNode = FALSE
	EndGlobalSection
	GlobalSection(ExtensibilityGlobals) = postSolution
		SolutionGuid = {ADCC3CF2-6755-422D-8D79-E1DF0145E594}
	EndGlobalSection
EndGlobal
