
Microsoft Visual Studio Solution File, Format Version 12.00
# Visual Studio Version 17
VisualStudioVersion = 17.5.2.0
MinimumVisualStudioVersion = 10.0.40219.1
Project("{FAE04EC0-301F-11D3-BF4B-00C04F79EFBC}") = "ReactExample.Desktop", "ReactExample.Desktop\ReactExample.Desktop.csproj", "{2E3FD7FD-3B64-5F1B-7DA7-A9D546359C93}"
EndProject
Project("{54A90642-561A-4BB1-A94E-469ADEE60C69}") = "reactexample", "reactexample\reactexample.esproj", "{5E12817C-E938-AD6E-87A0-CD9FCF14F083}"
EndProject
Global
	GlobalSection(SolutionConfigurationPlatforms) = preSolution
		Debug|Any CPU = Debug|Any CPU
		Release|Any CPU = Release|Any CPU
	EndGlobalSection
	GlobalSection(ProjectConfigurationPlatforms) = postSolution
		{2E3FD7FD-3B64-5F1B-7DA7-A9D546359C93}.Debug|Any CPU.ActiveCfg = Debug|Any CPU
		{2E3FD7FD-3B64-5F1B-7DA7-A9D546359C93}.Debug|Any CPU.Build.0 = Debug|Any CPU
		{2E3FD7FD-3B64-5F1B-7DA7-A9D546359C93}.Release|Any CPU.ActiveCfg = Release|Any CPU
		{2E3FD7FD-3B64-5F1B-7DA7-A9D546359C93}.Release|Any CPU.Build.0 = Release|Any CPU
		{5E12817C-E938-AD6E-87A0-CD9FCF14F083}.Debug|Any CPU.ActiveCfg = Debug|Any CPU
		{5E12817C-E938-AD6E-87A0-CD9FCF14F083}.Debug|Any CPU.Build.0 = Debug|Any CPU
		{5E12817C-E938-AD6E-87A0-CD9FCF14F083}.Debug|Any CPU.Deploy.0 = Debug|Any CPU
		{5E12817C-E938-AD6E-87A0-CD9FCF14F083}.Release|Any CPU.ActiveCfg = Release|Any CPU
		{5E12817C-E938-AD6E-87A0-CD9FCF14F083}.Release|Any CPU.Build.0 = Release|Any CPU
		{5E12817C-E938-AD6E-87A0-CD9FCF14F083}.Release|Any CPU.Deploy.0 = Release|Any CPU
	EndGlobalSection
	GlobalSection(SolutionProperties) = preSolution
		HideSolutionNode = FALSE
	EndGlobalSection
	GlobalSection(ExtensibilityGlobals) = postSolution
		SolutionGuid = {4A69821B-194C-4543-B631-1D7E4FC67DE6}
	EndGlobalSection
EndGlobal
